{
  "lockfileVersion": 1,
  "dependencies": {
    "markdown2bootstrap": {
      "version": "0.2.2",
      "resolved": "http://registry.npm.taobao.org/markdown2bootstrap/download/markdown2bootstrap-0.2.2.tgz",
      "integrity": "sha1-Z7wfAhrGQ22otbSBDHkheM87zdQ="
    },
    "optimist": {
      "version": "0.3.7",
      "resolved": "http://registry.npm.taobao.org/optimist/download/optimist-0.3.7.tgz",
      "integrity": "sha1-yQlBrVnkJzMokjB00s8ufLxuwNk="
    },
    "pagedown": {
      "version": "1.0.0",
      "resolved": "http://registry.npm.taobao.org/pagedown/download/pagedown-1.0.0.tgz",
      "integrity": "sha1-ZBHxXv1sSkGV8rOt5j7gQnsCdNo="
    },
    "wordwrap": {
      "version": "0.0.3",
      "resolved": "http://registry.npm.taobao.org/wordwrap/download/wordwrap-0.0.3.tgz",
      "integrity": "sha1-o9XabNXAvAAI03I0u68b7WMFkQc="
    }
  }
}
